
Microsoft Visual Studio Solution File, Format Version 12.00
# Visual Studio Version 16
VisualStudioVersion = 16.0.31005.135
MinimumVisualStudioVersion = 10.0.40219.1
Project("{9A19103F-16F7-4668-BE54-9A1E7A4F7556}") = "Program_Lab1", "Program_Lab1\Program_Lab1.csproj", "{D97375DB-DBE9-4CC7-9E7F-103DCEF6E9AA}"
EndProject
Project("{FAE04EC0-301F-11D3-BF4B-00C04F79EFBC}") = "Library_Lab1", "Library_Lab1\Library_Lab1.csproj", "{D7698FE5-6F65-4FEA-B161-CE718CA38078}"
EndProject
Global
	GlobalSection(SolutionConfigurationPlatforms) = preSolution
		Debug|Any CPU = Debug|Any CPU
		Release|Any CPU = Release|Any CPU
	EndGlobalSection
	GlobalSection(ProjectConfigurationPlatforms) = postSolution
		{D97375DB-DBE9-4CC7-9E7F-103DCEF6E9AA}.Debug|Any CPU.ActiveCfg = Debug|Any CPU
		{D97375DB-DBE9-4CC7-9E7F-103DCEF6E9AA}.Debug|Any CPU.Build.0 = Debug|Any CPU
		{D97375DB-DBE9-4CC7-9E7F-103DCEF6E9AA}.Release|Any CPU.ActiveCfg = Release|Any CPU
		{D97375DB-DBE9-4CC7-9E7F-103DCEF6E9AA}.Release|Any CPU.Build.0 = Release|Any CPU
		{D7698FE5-6F65-4FEA-B161-CE718CA38078}.Debug|Any CPU.ActiveCfg = Debug|Any CPU
		{D7698FE5-6F65-4FEA-B161-CE718CA38078}.Debug|Any CPU.Build.0 = Debug|Any CPU
		{D7698FE5-6F65-4FEA-B161-CE718CA38078}.Release|Any CPU.ActiveCfg = Release|Any CPU
		{D7698FE5-6F65-4FEA-B161-CE718CA38078}.Release|Any CPU.Build.0 = Release|Any CPU
	EndGlobalSection
	GlobalSection(SolutionProperties) = preSolution
		HideSolutionNode = FALSE
	EndGlobalSection
	GlobalSection(ExtensibilityGlobals) = postSolution
		SolutionGuid = {87A9457C-80C8-46B0-8C06-21346E854174}
	EndGlobalSection
EndGlobal
